
Microsoft Visual Studio Solution File, Format Version 12.00
# Visual Studio Version 17
VisualStudioVersion = 17.5.33530.505
MinimumVisualStudioVersion = 10.0.40219.1
Project("{8BC9CEB8-8B4A-11D0-8D11-00A0C91BC942}") = "CountingCharacters", "CountingCharacters\CountingCharacters.vcxproj", "{5655ED69-9E44-4DA3-8F37-7B469B45694E}"
EndProject
Project("{2150E333-8FDC-42A3-9474-1A3956D46DE8}") = "Week1", "Week1", "{DD156717-DE7A-47E0-9BFC-DC0965F6D8DF}"
EndProject
Project("{8BC9CEB8-8B4A-11D0-8D11-00A0C91BC942}") = "CreditCardNumberValidator", "CreditCardNumberValidator\CreditCardNumberValidator.vcxproj", "{6A0A6AA2-B610-4743-BA06-10391A90A046}"
EndProject
Project("{8BC9CEB8-8B4A-11D0-8D11-00A0C91BC942}") = "MatrixSum", "MatrixSum\MatrixSum.vcxproj", "{7D90A4BC-D61C-45D4-8E7D-7AD10104E62C}"
EndProject
Project("{8BC9CEB8-8B4A-11D0-8D11-00A0C91BC942}") = "SearchACharacter", "SearchACharacter\SearchACharacter.vcxproj", "{BE5135FB-096A-4FD3-BFC5-00A1F85C2B17}"
EndProject
Project("{2150E333-8FDC-42A3-9474-1A3956D46DE8}") = "Week2", "Week2", "{7EC8AF1A-1333-413E-B2D3-1791725F4185}"
EndProject
Project("{8BC9CEB8-8B4A-11D0-8D11-00A0C91BC942}") = "W2Opdracht1", "Opdracht1\Opdracht1.vcxproj", "{C2BEE804-DCE4-45D7-AA6E-6D99D28FD46E}"
EndProject
Project("{8BC9CEB8-8B4A-11D0-8D11-00A0C91BC942}") = "W2Opdracht2", "Opdracht2\Opdracht2.vcxproj", "{32C15118-72CD-4B57-B15B-B8413C1383CD}"
EndProject
Project("{8BC9CEB8-8B4A-11D0-8D11-00A0C91BC942}") = "W2Opdracht3", "W2Opdracht3\W2Opdracht3.vcxproj", "{DE271131-9B59-427A-B717-C98CC64CB001}"
EndProject
Project("{8BC9CEB8-8B4A-11D0-8D11-00A0C91BC942}") = "W2Opdracht4", "W2Opdracht4\W2Opdracht4.vcxproj", "{3843826D-C87A-47ED-AB02-C6EFD32DF068}"
EndProject
Project("{8BC9CEB8-8B4A-11D0-8D11-00A0C91BC942}") = "W2Opdracht5", "W2Opdracht5\W2Opdracht5.vcxproj", "{B2C1587B-B81C-4EC0-895F-121EC06801E6}"
EndProject
Project("{2150E333-8FDC-42A3-9474-1A3956D46DE8}") = "Week3", "Week3", "{1170D83E-9FCC-44D0-A9C0-94B1945E316C}"
EndProject
Project("{8BC9CEB8-8B4A-11D0-8D11-00A0C91BC942}") = "W3Opdracht1", "W3Opdracht1\W3Opdracht1.vcxproj", "{D9A54D1D-7905-4E2F-9544-AABC1B747681}"
EndProject
Project("{8BC9CEB8-8B4A-11D0-8D11-00A0C91BC942}") = "W3Opdracht2", "W3Opdracht2\W3Opdracht2.vcxproj", "{840D4D06-529D-40A3-8EC1-3FD8EDE877D0}"
EndProject
Project("{8BC9CEB8-8B4A-11D0-8D11-00A0C91BC942}") = "W3Opdracht3", "W3Opdracht3\W3Opdracht3.vcxproj", "{2113CF36-CA81-4ADA-B1B9-5EE2A513AB69}"
EndProject
Project("{8BC9CEB8-8B4A-11D0-8D11-00A0C91BC942}") = "W3Opdracht4", "W3Opdracht4\W3Opdracht4.vcxproj", "{004584F1-EC12-465A-8F9C-CD2EEB9BDB4E}"
EndProject
Project("{8BC9CEB8-8B4A-11D0-8D11-00A0C91BC942}") = "W3Opdracht5", "W3Opdracht5\W3Opdracht5.vcxproj", "{C426B4B2-5F54-4B37-BD3E-2A40A52D3806}"
EndProject
Project("{8BC9CEB8-8B4A-11D0-8D11-00A0C91BC942}") = "W3Opdracht6", "W3Opdracht6\W3Opdracht6.vcxproj", "{07EA6536-C433-4D95-9919-04529DD29960}"
EndProject
Project("{8BC9CEB8-8B4A-11D0-8D11-00A0C91BC942}") = "W3Opdracht7", "W3Opdracht7\W3Opdracht7.vcxproj", "{ADFD8371-12A5-4876-AC8C-58860F44C9CA}"
EndProject
Project("{8BC9CEB8-8B4A-11D0-8D11-00A0C91BC942}") = "W3Opdracht8", "W3Opdracht8\W3Opdracht8.vcxproj", "{EB6DB865-8AF3-4C0C-A8EC-BD8D15BAC1CE}"
EndProject
Project("{2150E333-8FDC-42A3-9474-1A3956D46DE8}") = "Week4", "Week4", "{2357B19F-75DF-4DE9-9BB9-D0779E35B765}"
EndProject
Project("{8BC9CEB8-8B4A-11D0-8D11-00A0C91BC942}") = "W4Opdracht1", "W4Opdracht1\W4Opdracht1.vcxproj", "{A560B84F-98C7-4BB7-B951-D2A660EAB7AA}"
EndProject
Global
	GlobalSection(SolutionConfigurationPlatforms) = preSolution
		Debug|x64 = Debug|x64
		Debug|x86 = Debug|x86
		Release|x64 = Release|x64
		Release|x86 = Release|x86
	EndGlobalSection
	GlobalSection(ProjectConfigurationPlatforms) = postSolution
		{5655ED69-9E44-4DA3-8F37-7B469B45694E}.Debug|x64.ActiveCfg = Debug|x64
		{5655ED69-9E44-4DA3-8F37-7B469B45694E}.Debug|x64.Build.0 = Debug|x64
		{5655ED69-9E44-4DA3-8F37-7B469B45694E}.Debug|x86.ActiveCfg = Debug|Win32
		{5655ED69-9E44-4DA3-8F37-7B469B45694E}.Debug|x86.Build.0 = Debug|Win32
		{5655ED69-9E44-4DA3-8F37-7B469B45694E}.Release|x64.ActiveCfg = Release|x64
		{5655ED69-9E44-4DA3-8F37-7B469B45694E}.Release|x64.Build.0 = Release|x64
		{5655ED69-9E44-4DA3-8F37-7B469B45694E}.Release|x86.ActiveCfg = Release|Win32
		{5655ED69-9E44-4DA3-8F37-7B469B45694E}.Release|x86.Build.0 = Release|Win32
		{6A0A6AA2-B610-4743-BA06-10391A90A046}.Debug|x64.ActiveCfg = Debug|x64
		{6A0A6AA2-B610-4743-BA06-10391A90A046}.Debug|x64.Build.0 = Debug|x64
		{6A0A6AA2-B610-4743-BA06-10391A90A046}.Debug|x86.ActiveCfg = Debug|Win32
		{6A0A6AA2-B610-4743-BA06-10391A90A046}.Debug|x86.Build.0 = Debug|Win32
		{6A0A6AA2-B610-4743-BA06-10391A90A046}.Release|x64.ActiveCfg = Release|x64
		{6A0A6AA2-B610-4743-BA06-10391A90A046}.Release|x64.Build.0 = Release|x64
		{6A0A6AA2-B610-4743-BA06-10391A90A046}.Release|x86.ActiveCfg = Release|Win32
		{6A0A6AA2-B610-4743-BA06-10391A90A046}.Release|x86.Build.0 = Release|Win32
		{7D90A4BC-D61C-45D4-8E7D-7AD10104E62C}.Debug|x64.ActiveCfg = Debug|x64
		{7D90A4BC-D61C-45D4-8E7D-7AD10104E62C}.Debug|x64.Build.0 = Debug|x64
		{7D90A4BC-D61C-45D4-8E7D-7AD10104E62C}.Debug|x86.ActiveCfg = Debug|Win32
		{7D90A4BC-D61C-45D4-8E7D-7AD10104E62C}.Debug|x86.Build.0 = Debug|Win32
		{7D90A4BC-D61C-45D4-8E7D-7AD10104E62C}.Release|x64.ActiveCfg = Release|x64
		{7D90A4BC-D61C-45D4-8E7D-7AD10104E62C}.Release|x64.Build.0 = Release|x64
		{7D90A4BC-D61C-45D4-8E7D-7AD10104E62C}.Release|x86.ActiveCfg = Release|Win32
		{7D90A4BC-D61C-45D4-8E7D-7AD10104E62C}.Release|x86.Build.0 = Release|Win32
		{BE5135FB-096A-4FD3-BFC5-00A1F85C2B17}.Debug|x64.ActiveCfg = Debug|x64
		{BE5135FB-096A-4FD3-BFC5-00A1F85C2B17}.Debug|x64.Build.0 = Debug|x64
		{BE5135FB-096A-4FD3-BFC5-00A1F85C2B17}.Debug|x86.ActiveCfg = Debug|Win32
		{BE5135FB-096A-4FD3-BFC5-00A1F85C2B17}.Debug|x86.Build.0 = Debug|Win32
		{BE5135FB-096A-4FD3-BFC5-00A1F85C2B17}.Release|x64.ActiveCfg = Release|x64
		{BE5135FB-096A-4FD3-BFC5-00A1F85C2B17}.Release|x64.Build.0 = Release|x64
		{BE5135FB-096A-4FD3-BFC5-00A1F85C2B17}.Release|x86.ActiveCfg = Release|Win32
		{BE5135FB-096A-4FD3-BFC5-00A1F85C2B17}.Release|x86.Build.0 = Release|Win32
		{C2BEE804-DCE4-45D7-AA6E-6D99D28FD46E}.Debug|x64.ActiveCfg = Debug|x64
		{C2BEE804-DCE4-45D7-AA6E-6D99D28FD46E}.Debug|x64.Build.0 = Debug|x64
		{C2BEE804-DCE4-45D7-AA6E-6D99D28FD46E}.Debug|x86.ActiveCfg = Debug|Win32
		{C2BEE804-DCE4-45D7-AA6E-6D99D28FD46E}.Debug|x86.Build.0 = Debug|Win32
		{C2BEE804-DCE4-45D7-AA6E-6D99D28FD46E}.Release|x64.ActiveCfg = Release|x64
		{C2BEE804-DCE4-45D7-AA6E-6D99D28FD46E}.Release|x64.Build.0 = Release|x64
		{C2BEE804-DCE4-45D7-AA6E-6D99D28FD46E}.Release|x86.ActiveCfg = Release|Win32
		{C2BEE804-DCE4-45D7-AA6E-6D99D28FD46E}.Release|x86.Build.0 = Release|Win32
		{32C15118-72CD-4B57-B15B-B8413C1383CD}.Debug|x64.ActiveCfg = Debug|x64
		{32C15118-72CD-4B57-B15B-B8413C1383CD}.Debug|x64.Build.0 = Debug|x64
		{32C15118-72CD-4B57-B15B-B8413C1383CD}.Debug|x86.ActiveCfg = Debug|Win32
		{32C15118-72CD-4B57-B15B-B8413C1383CD}.Debug|x86.Build.0 = Debug|Win32
		{32C15118-72CD-4B57-B15B-B8413C1383CD}.Release|x64.ActiveCfg = Release|x64
		{32C15118-72CD-4B57-B15B-B8413C1383CD}.Release|x64.Build.0 = Release|x64
		{32C15118-72CD-4B57-B15B-B8413C1383CD}.Release|x86.ActiveCfg = Release|Win32
		{32C15118-72CD-4B57-B15B-B8413C1383CD}.Release|x86.Build.0 = Release|Win32
		{DE271131-9B59-427A-B717-C98CC64CB001}.Debug|x64.ActiveCfg = Debug|x64
		{DE271131-9B59-427A-B717-C98CC64CB001}.Debug|x64.Build.0 = Debug|x64
		{DE271131-9B59-427A-B717-C98CC64CB001}.Debug|x86.ActiveCfg = Debug|Win32
		{DE271131-9B59-427A-B717-C98CC64CB001}.Debug|x86.Build.0 = Debug|Win32
		{DE271131-9B59-427A-B717-C98CC64CB001}.Release|x64.ActiveCfg = Release|x64
		{DE271131-9B59-427A-B717-C98CC64CB001}.Release|x64.Build.0 = Release|x64
		{DE271131-9B59-427A-B717-C98CC64CB001}.Release|x86.ActiveCfg = Release|Win32
		{DE271131-9B59-427A-B717-C98CC64CB001}.Release|x86.Build.0 = Release|Win32
		{3843826D-C87A-47ED-AB02-C6EFD32DF068}.Debug|x64.ActiveCfg = Debug|x64
		{3843826D-C87A-47ED-AB02-C6EFD32DF068}.Debug|x64.Build.0 = Debug|x64
		{3843826D-C87A-47ED-AB02-C6EFD32DF068}.Debug|x86.ActiveCfg = Debug|Win32
		{3843826D-C87A-47ED-AB02-C6EFD32DF068}.Debug|x86.Build.0 = Debug|Win32
		{3843826D-C87A-47ED-AB02-C6EFD32DF068}.Release|x64.ActiveCfg = Release|x64
		{3843826D-C87A-47ED-AB02-C6EFD32DF068}.Release|x64.Build.0 = Release|x64
		{3843826D-C87A-47ED-AB02-C6EFD32DF068}.Release|x86.ActiveCfg = Release|Win32
		{3843826D-C87A-47ED-AB02-C6EFD32DF068}.Release|x86.Build.0 = Release|Win32
		{B2C1587B-B81C-4EC0-895F-121EC06801E6}.Debug|x64.ActiveCfg = Debug|x64
		{B2C1587B-B81C-4EC0-895F-121EC06801E6}.Debug|x64.Build.0 = Debug|x64
		{B2C1587B-B81C-4EC0-895F-121EC06801E6}.Debug|x86.ActiveCfg = Debug|Win32
		{B2C1587B-B81C-4EC0-895F-121EC06801E6}.Debug|x86.Build.0 = Debug|Win32
		{B2C1587B-B81C-4EC0-895F-121EC06801E6}.Release|x64.ActiveCfg = Release|x64
		{B2C1587B-B81C-4EC0-895F-121EC06801E6}.Release|x64.Build.0 = Release|x64
		{B2C1587B-B81C-4EC0-895F-121EC06801E6}.Release|x86.ActiveCfg = Release|Win32
		{B2C1587B-B81C-4EC0-895F-121EC06801E6}.Release|x86.Build.0 = Release|Win32
		{D9A54D1D-7905-4E2F-9544-AABC1B747681}.Debug|x64.ActiveCfg = Debug|x64
		{D9A54D1D-7905-4E2F-9544-AABC1B747681}.Debug|x64.Build.0 = Debug|x64
		{D9A54D1D-7905-4E2F-9544-AABC1B747681}.Debug|x86.ActiveCfg = Debug|Win32
		{D9A54D1D-7905-4E2F-9544-AABC1B747681}.Debug|x86.Build.0 = Debug|Win32
		{D9A54D1D-7905-4E2F-9544-AABC1B747681}.Release|x64.ActiveCfg = Release|x64
		{D9A54D1D-7905-4E2F-9544-AABC1B747681}.Release|x64.Build.0 = Release|x64
		{D9A54D1D-7905-4E2F-9544-AABC1B747681}.Release|x86.ActiveCfg = Release|Win32
		{D9A54D1D-7905-4E2F-9544-AABC1B747681}.Release|x86.Build.0 = Release|Win32
		{840D4D06-529D-40A3-8EC1-3FD8EDE877D0}.Debug|x64.ActiveCfg = Debug|x64
		{840D4D06-529D-40A3-8EC1-3FD8EDE877D0}.Debug|x64.Build.0 = Debug|x64
		{840D4D06-529D-40A3-8EC1-3FD8EDE877D0}.Debug|x86.ActiveCfg = Debug|Win32
		{840D4D06-529D-40A3-8EC1-3FD8EDE877D0}.Debug|x86.Build.0 = Debug|Win32
		{840D4D06-529D-40A3-8EC1-3FD8EDE877D0}.Release|x64.ActiveCfg = Release|x64
		{840D4D06-529D-40A3-8EC1-3FD8EDE877D0}.Release|x64.Build.0 = Release|x64
		{840D4D06-529D-40A3-8EC1-3FD8EDE877D0}.Release|x86.ActiveCfg = Release|Win32
		{840D4D06-529D-40A3-8EC1-3FD8EDE877D0}.Release|x86.Build.0 = Release|Win32
		{2113CF36-CA81-4ADA-B1B9-5EE2A513AB69}.Debug|x64.ActiveCfg = Debug|x64
		{2113CF36-CA81-4ADA-B1B9-5EE2A513AB69}.Debug|x64.Build.0 = Debug|x64
		{2113CF36-CA81-4ADA-B1B9-5EE2A513AB69}.Debug|x86.ActiveCfg = Debug|Win32
		{2113CF36-CA81-4ADA-B1B9-5EE2A513AB69}.Debug|x86.Build.0 = Debug|Win32
		{2113CF36-CA81-4ADA-B1B9-5EE2A513AB69}.Release|x64.ActiveCfg = Release|x64
		{2113CF36-CA81-4ADA-B1B9-5EE2A513AB69}.Release|x64.Build.0 = Release|x64
		{2113CF36-CA81-4ADA-B1B9-5EE2A513AB69}.Release|x86.ActiveCfg = Release|Win32
		{2113CF36-CA81-4ADA-B1B9-5EE2A513AB69}.Release|x86.Build.0 = Release|Win32
		{004584F1-EC12-465A-8F9C-CD2EEB9BDB4E}.Debug|x64.ActiveCfg = Debug|x64
		{004584F1-EC12-465A-8F9C-CD2EEB9BDB4E}.Debug|x64.Build.0 = Debug|x64
		{004584F1-EC12-465A-8F9C-CD2EEB9BDB4E}.Debug|x86.ActiveCfg = Debug|Win32
		{004584F1-EC12-465A-8F9C-CD2EEB9BDB4E}.Debug|x86.Build.0 = Debug|Win32
		{004584F1-EC12-465A-8F9C-CD2EEB9BDB4E}.Release|x64.ActiveCfg = Release|x64
		{004584F1-EC12-465A-8F9C-CD2EEB9BDB4E}.Release|x64.Build.0 = Release|x64
		{004584F1-EC12-465A-8F9C-CD2EEB9BDB4E}.Release|x86.ActiveCfg = Release|Win32
		{004584F1-EC12-465A-8F9C-CD2EEB9BDB4E}.Release|x86.Build.0 = Release|Win32
		{C426B4B2-5F54-4B37-BD3E-2A40A52D3806}.Debug|x64.ActiveCfg = Debug|x64
		{C426B4B2-5F54-4B37-BD3E-2A40A52D3806}.Debug|x64.Build.0 = Debug|x64
		{C426B4B2-5F54-4B37-BD3E-2A40A52D3806}.Debug|x86.ActiveCfg = Debug|Win32
		{C426B4B2-5F54-4B37-BD3E-2A40A52D3806}.Debug|x86.Build.0 = Debug|Win32
		{C426B4B2-5F54-4B37-BD3E-2A40A52D3806}.Release|x64.ActiveCfg = Release|x64
		{C426B4B2-5F54-4B37-BD3E-2A40A52D3806}.Release|x64.Build.0 = Release|x64
		{C426B4B2-5F54-4B37-BD3E-2A40A52D3806}.Release|x86.ActiveCfg = Release|Win32
		{C426B4B2-5F54-4B37-BD3E-2A40A52D3806}.Release|x86.Build.0 = Release|Win32
		{07EA6536-C433-4D95-9919-04529DD29960}.Debug|x64.ActiveCfg = Debug|x64
		{07EA6536-C433-4D95-9919-04529DD29960}.Debug|x64.Build.0 = Debug|x64
		{07EA6536-C433-4D95-9919-04529DD29960}.Debug|x86.ActiveCfg = Debug|Win32
		{07EA6536-C433-4D95-9919-04529DD29960}.Debug|x86.Build.0 = Debug|Win32
		{07EA6536-C433-4D95-9919-04529DD29960}.Release|x64.ActiveCfg = Release|x64
		{07EA6536-C433-4D95-9919-04529DD29960}.Release|x64.Build.0 = Release|x64
		{07EA6536-C433-4D95-9919-04529DD29960}.Release|x86.ActiveCfg = Release|Win32
		{07EA6536-C433-4D95-9919-04529DD29960}.Release|x86.Build.0 = Release|Win32
		{ADFD8371-12A5-4876-AC8C-58860F44C9CA}.Debug|x64.ActiveCfg = Debug|x64
		{ADFD8371-12A5-4876-AC8C-58860F44C9CA}.Debug|x64.Build.0 = Debug|x64
		{ADFD8371-12A5-4876-AC8C-58860F44C9CA}.Debug|x86.ActiveCfg = Debug|Win32
		{ADFD8371-12A5-4876-AC8C-58860F44C9CA}.Debug|x86.Build.0 = Debug|Win32
		{ADFD8371-12A5-4876-AC8C-58860F44C9CA}.Release|x64.ActiveCfg = Release|x64
		{ADFD8371-12A5-4876-AC8C-58860F44C9CA}.Release|x64.Build.0 = Release|x64
		{ADFD8371-12A5-4876-AC8C-58860F44C9CA}.Release|x86.ActiveCfg = Release|Win32
		{ADFD8371-12A5-4876-AC8C-58860F44C9CA}.Release|x86.Build.0 = Release|Win32
		{EB6DB865-8AF3-4C0C-A8EC-BD8D15BAC1CE}.Debug|x64.ActiveCfg = Debug|x64
		{EB6DB865-8AF3-4C0C-A8EC-BD8D15BAC1CE}.Debug|x64.Build.0 = Debug|x64
		{EB6DB865-8AF3-4C0C-A8EC-BD8D15BAC1CE}.Debug|x86.ActiveCfg = Debug|Win32
		{EB6DB865-8AF3-4C0C-A8EC-BD8D15BAC1CE}.Debug|x86.Build.0 = Debug|Win32
		{EB6DB865-8AF3-4C0C-A8EC-BD8D15BAC1CE}.Release|x64.ActiveCfg = Release|x64
		{EB6DB865-8AF3-4C0C-A8EC-BD8D15BAC1CE}.Release|x64.Build.0 = Release|x64
		{EB6DB865-8AF3-4C0C-A8EC-BD8D15BAC1CE}.Release|x86.ActiveCfg = Release|Win32
		{EB6DB865-8AF3-4C0C-A8EC-BD8D15BAC1CE}.Release|x86.Build.0 = Release|Win32
		{A560B84F-98C7-4BB7-B951-D2A660EAB7AA}.Debug|x64.ActiveCfg = Debug|x64
		{A560B84F-98C7-4BB7-B951-D2A660EAB7AA}.Debug|x64.Build.0 = Debug|x64
		{A560B84F-98C7-4BB7-B951-D2A660EAB7AA}.Debug|x86.ActiveCfg = Debug|Win32
		{A560B84F-98C7-4BB7-B951-D2A660EAB7AA}.Debug|x86.Build.0 = Debug|Win32
		{A560B84F-98C7-4BB7-B951-D2A660EAB7AA}.Release|x64.ActiveCfg = Release|x64
		{A560B84F-98C7-4BB7-B951-D2A660EAB7AA}.Release|x64.Build.0 = Release|x64
		{A560B84F-98C7-4BB7-B951-D2A660EAB7AA}.Release|x86.ActiveCfg = Release|Win32
		{A560B84F-98C7-4BB7-B951-D2A660EAB7AA}.Release|x86.Build.0 = Release|Win32
	EndGlobalSection
	GlobalSection(SolutionProperties) = preSolution
		HideSolutionNode = FALSE
	EndGlobalSection
	GlobalSection(NestedProjects) = preSolution
		{5655ED69-9E44-4DA3-8F37-7B469B45694E} = {DD156717-DE7A-47E0-9BFC-DC0965F6D8DF}
		{6A0A6AA2-B610-4743-BA06-10391A90A046} = {DD156717-DE7A-47E0-9BFC-DC0965F6D8DF}
		{7D90A4BC-D61C-45D4-8E7D-7AD10104E62C} = {DD156717-DE7A-47E0-9BFC-DC0965F6D8DF}
		{BE5135FB-096A-4FD3-BFC5-00A1F85C2B17} = {DD156717-DE7A-47E0-9BFC-DC0965F6D8DF}
		{C2BEE804-DCE4-45D7-AA6E-6D99D28FD46E} = {7EC8AF1A-1333-413E-B2D3-1791725F4185}
		{32C15118-72CD-4B57-B15B-B8413C1383CD} = {7EC8AF1A-1333-413E-B2D3-1791725F4185}
		{DE271131-9B59-427A-B717-C98CC64CB001} = {7EC8AF1A-1333-413E-B2D3-1791725F4185}
		{3843826D-C87A-47ED-AB02-C6EFD32DF068} = {7EC8AF1A-1333-413E-B2D3-1791725F4185}
		{B2C1587B-B81C-4EC0-895F-121EC06801E6} = {7EC8AF1A-1333-413E-B2D3-1791725F4185}
		{D9A54D1D-7905-4E2F-9544-AABC1B747681} = {1170D83E-9FCC-44D0-A9C0-94B1945E316C}
		{840D4D06-529D-40A3-8EC1-3FD8EDE877D0} = {1170D83E-9FCC-44D0-A9C0-94B1945E316C}
		{2113CF36-CA81-4ADA-B1B9-5EE2A513AB69} = {1170D83E-9FCC-44D0-A9C0-94B1945E316C}
		{004584F1-EC12-465A-8F9C-CD2EEB9BDB4E} = {1170D83E-9FCC-44D0-A9C0-94B1945E316C}
		{C426B4B2-5F54-4B37-BD3E-2A40A52D3806} = {1170D83E-9FCC-44D0-A9C0-94B1945E316C}
		{07EA6536-C433-4D95-9919-04529DD29960} = {1170D83E-9FCC-44D0-A9C0-94B1945E316C}
		{ADFD8371-12A5-4876-AC8C-58860F44C9CA} = {1170D83E-9FCC-44D0-A9C0-94B1945E316C}
		{EB6DB865-8AF3-4C0C-A8EC-BD8D15BAC1CE} = {1170D83E-9FCC-44D0-A9C0-94B1945E316C}
		{A560B84F-98C7-4BB7-B951-D2A660EAB7AA} = {2357B19F-75DF-4DE9-9BB9-D0779E35B765}
	EndGlobalSection
	GlobalSection(ExtensibilityGlobals) = postSolution
		SolutionGuid = {D1F47AEC-0F9E-495B-A7CC-C74D2A79CA53}
	EndGlobalSection
EndGlobal
